
Microsoft Visual Studio Solution File, Format Version 12.00
# Visual Studio Version 16
VisualStudioVersion = 16.0.30717.126
MinimumVisualStudioVersion = 10.0.40219.1
Project("{FAE04EC0-301F-11D3-BF4B-00C04F79EFBC}") = "PgSQl2Xls", "PgSQl2Xls.csproj", "{473FE94A-E058-43D3-9EF0-6B9A32FCED3B}"
EndProject
Global
	GlobalSection(SolutionConfigurationPlatforms) = preSolution
		Debug|Any CPU = Debug|Any CPU
		Release|Any CPU = Release|Any CPU
	EndGlobalSection
	GlobalSection(ProjectConfigurationPlatforms) = postSolution
		{473FE94A-E058-43D3-9EF0-6B9A32FCED3B}.Debug|Any CPU.ActiveCfg = Debug|Any CPU
		{473FE94A-E058-43D3-9EF0-6B9A32FCED3B}.Debug|Any CPU.Build.0 = Debug|Any CPU
		{473FE94A-E058-43D3-9EF0-6B9A32FCED3B}.Release|Any CPU.ActiveCfg = Release|Any CPU
		{473FE94A-E058-43D3-9EF0-6B9A32FCED3B}.Release|Any CPU.Build.0 = Release|Any CPU
	EndGlobalSection
	GlobalSection(SolutionProperties) = preSolution
		HideSolutionNode = FALSE
	EndGlobalSection
	GlobalSection(ExtensibilityGlobals) = postSolution
		SolutionGuid = {8CEA0002-4AC5-40BA-B8C4-881A9779B0E5}
	EndGlobalSection
EndGlobal
